
Microsoft Visual Studio Solution File, Format Version 12.00
# Visual Studio 15
VisualStudioVersion = 15.0.28307.1062
MinimumVisualStudioVersion = 10.0.40219.1
Project("{888888A0-9F3D-457C-B088-3A5042F75D52}") = "WeatherDay", "WeatherDay\WeatherDay.pyproj", "{D5AFB2E0-4F21-4DAD-B195-79DFF55EDAC8}"
EndProject
Global
	GlobalSection(SolutionConfigurationPlatforms) = preSolution
		Debug|Any CPU = Debug|Any CPU
		Release|Any CPU = Release|Any CPU
	EndGlobalSection
	GlobalSection(ProjectConfigurationPlatforms) = postSolution
		{D5AFB2E0-4F21-4DAD-B195-79DFF55EDAC8}.Debug|Any CPU.ActiveCfg = Debug|Any CPU
		{D5AFB2E0-4F21-4DAD-B195-79DFF55EDAC8}.Release|Any CPU.ActiveCfg = Release|Any CPU
	EndGlobalSection
	GlobalSection(SolutionProperties) = preSolution
		HideSolutionNode = FALSE
	EndGlobalSection
	GlobalSection(ExtensibilityGlobals) = postSolution
		SolutionGuid = {342D3F42-3538-4037-AB74-A6D0EBBF9C6D}
	EndGlobalSection
EndGlobal
